
Microsoft Visual Studio Solution File, Format Version 12.00
# Visual Studio Version 17
VisualStudioVersion = 17.0.32126.317
MinimumVisualStudioVersion = 10.0.40219.1
Project("{FAE04EC0-301F-11D3-BF4B-00C04F79EFBC}") = "admin-portal", "admin-portal\admin-portal.csproj", "{8703A987-9C6F-4280-B6F2-C258F339E556}"
EndProject
Global
	GlobalSection(SolutionConfigurationPlatforms) = preSolution
		Debug|Any CPU = Debug|Any CPU
		Release|Any CPU = Release|Any CPU
	EndGlobalSection
	GlobalSection(ProjectConfigurationPlatforms) = postSolution
		{8703A987-9C6F-4280-B6F2-C258F339E556}.Debug|Any CPU.ActiveCfg = Debug|Any CPU
		{8703A987-9C6F-4280-B6F2-C258F339E556}.Debug|Any CPU.Build.0 = Debug|Any CPU
		{8703A987-9C6F-4280-B6F2-C258F339E556}.Release|Any CPU.ActiveCfg = Release|Any CPU
		{8703A987-9C6F-4280-B6F2-C258F339E556}.Release|Any CPU.Build.0 = Release|Any CPU
	EndGlobalSection
	GlobalSection(SolutionProperties) = preSolution
		HideSolutionNode = FALSE
	EndGlobalSection
	GlobalSection(ExtensibilityGlobals) = postSolution
		SolutionGuid = {E86EBA3B-20D0-4C20-A65D-C25FB4BC15A0}
	EndGlobalSection
EndGlobal
